
Microsoft Visual Studio Solution File, Format Version 12.00
# Visual Studio Version 17
VisualStudioVersion = 17.0.31903.59
MinimumVisualStudioVersion = 10.0.40219.1
Project("{F2A71F9B-5D33-465A-A702-920D77279786}") = "tests", "tests\tests.fsproj", "{7F23C56B-E9F6-4617-87DC-DD327EE8CFDC}"
EndProject
Project("{F2A71F9B-5D33-465A-A702-920D77279786}") = "solver", "solver\solver.fsproj", "{FB83F4D9-72F1-46A3-ACDF-C89D13BF69C1}"
EndProject
Global
	GlobalSection(SolutionConfigurationPlatforms) = preSolution
		Debug|Any CPU = Debug|Any CPU
		Release|Any CPU = Release|Any CPU
	EndGlobalSection
	GlobalSection(SolutionProperties) = preSolution
		HideSolutionNode = FALSE
	EndGlobalSection
	GlobalSection(ProjectConfigurationPlatforms) = postSolution
		{62435084-117B-4AB3-9384-B084CCD33CA3}.Debug|Any CPU.ActiveCfg = Debug|Any CPU
		{62435084-117B-4AB3-9384-B084CCD33CA3}.Debug|Any CPU.Build.0 = Debug|Any CPU
		{62435084-117B-4AB3-9384-B084CCD33CA3}.Release|Any CPU.ActiveCfg = Release|Any CPU
		{62435084-117B-4AB3-9384-B084CCD33CA3}.Release|Any CPU.Build.0 = Release|Any CPU
		{7F23C56B-E9F6-4617-87DC-DD327EE8CFDC}.Debug|Any CPU.ActiveCfg = Debug|Any CPU
		{7F23C56B-E9F6-4617-87DC-DD327EE8CFDC}.Debug|Any CPU.Build.0 = Debug|Any CPU
		{7F23C56B-E9F6-4617-87DC-DD327EE8CFDC}.Release|Any CPU.ActiveCfg = Release|Any CPU
		{7F23C56B-E9F6-4617-87DC-DD327EE8CFDC}.Release|Any CPU.Build.0 = Release|Any CPU
		{FB83F4D9-72F1-46A3-ACDF-C89D13BF69C1}.Debug|Any CPU.ActiveCfg = Debug|Any CPU
		{FB83F4D9-72F1-46A3-ACDF-C89D13BF69C1}.Debug|Any CPU.Build.0 = Debug|Any CPU
		{FB83F4D9-72F1-46A3-ACDF-C89D13BF69C1}.Release|Any CPU.ActiveCfg = Release|Any CPU
		{FB83F4D9-72F1-46A3-ACDF-C89D13BF69C1}.Release|Any CPU.Build.0 = Release|Any CPU
	EndGlobalSection
EndGlobal
